{
  "projects": [
    {
      "projectId": "6jdiTgRhkYQJ2zXFv6Yaw9",
      "version": "latest",
      "dependencies": {
        "caTPwKxj5ZrD9LQ7DMdK4Z": "3.4.0"
      },
      "lang": "ts",
      "fileLocks": [
        {
          "type": "globalVariant",
          "assetId": "YddWx7I3Gw2dK",
          "checksum": "e15f5b5e574f36de261b0013c9210834"
        },
        {
          "type": "renderModule",
          "assetId": "FESK9JnTIoiE",
          "checksum": "6cc433fffdc42a91d26c7bb8ef2e5173"
        },
        {
          "type": "cssRules",
          "assetId": "FESK9JnTIoiE",
          "checksum": "6cc433fffdc42a91d26c7bb8ef2e5173"
        },
        {
          "type": "renderModule",
          "assetId": "KhBkDGlzke",
          "checksum": "b9786d99ec01b7cce13ca24a27a46f4e"
        },
        {
          "type": "cssRules",
          "assetId": "KhBkDGlzke",
          "checksum": "b9786d99ec01b7cce13ca24a27a46f4e"
        },
        {
          "type": "renderModule",
          "assetId": "bkX_qKyhqs",
          "checksum": "add54318f3fd5d60c30a4bbcb2af4b7d"
        },
        {
          "type": "cssRules",
          "assetId": "bkX_qKyhqs",
          "checksum": "add54318f3fd5d60c30a4bbcb2af4b7d"
        },
        {
          "type": "renderModule",
          "assetId": "OUU_m6iRfO",
          "checksum": "aef2b4e8862a3da3d55b8543ea5b69cc"
        },
        {
          "type": "cssRules",
          "assetId": "OUU_m6iRfO",
          "checksum": "aef2b4e8862a3da3d55b8543ea5b69cc"
        },
        {
          "type": "renderModule",
          "assetId": "AHVlMwmS1K",
          "checksum": "c49936ee7d370c48baf9e42e2a795c03"
        },
        {
          "type": "cssRules",
          "assetId": "AHVlMwmS1K",
          "checksum": "c49936ee7d370c48baf9e42e2a795c03"
        },
        {
          "type": "renderModule",
          "assetId": "7imsr4jILL",
          "checksum": "a113396848b5235a08abe4205baf728e"
        },
        {
          "type": "cssRules",
          "assetId": "7imsr4jILL",
          "checksum": "a113396848b5235a08abe4205baf728e"
        },
        {
          "type": "renderModule",
          "assetId": "FFfCEbgxQ4u",
          "checksum": "0122a6ebc1349da389e1e775bb510664"
        },
        {
          "type": "cssRules",
          "assetId": "FFfCEbgxQ4u",
          "checksum": "0122a6ebc1349da389e1e775bb510664"
        },
        {
          "type": "renderModule",
          "assetId": "oeSuO0WaA0",
          "checksum": "ae64cfce2acb5f046d4bc320f6ae7384"
        },
        {
          "type": "cssRules",
          "assetId": "oeSuO0WaA0",
          "checksum": "ae64cfce2acb5f046d4bc320f6ae7384"
        },
        {
          "type": "renderModule",
          "assetId": "am2tPD21YWI",
          "checksum": "9f192ffa8e40f026063d84384351d50e"
        },
        {
          "type": "cssRules",
          "assetId": "am2tPD21YWI",
          "checksum": "9f192ffa8e40f026063d84384351d50e"
        },
        {
          "type": "renderModule",
          "assetId": "_AASYWCDRo0",
          "checksum": "009e03fa4a432507b4d9e5263a3ff589"
        },
        {
          "type": "cssRules",
          "assetId": "_AASYWCDRo0",
          "checksum": "009e03fa4a432507b4d9e5263a3ff589"
        },
        {
          "type": "renderModule",
          "assetId": "liD_GqO12rk",
          "checksum": "2bc83c9142afeba61a9e278080763391"
        },
        {
          "type": "cssRules",
          "assetId": "liD_GqO12rk",
          "checksum": "2bc83c9142afeba61a9e278080763391"
        },
        {
          "type": "icon",
          "assetId": "Z3-MEB3Sgl",
          "checksum": "7d49dc3df008ff2387a0f2c04652e538"
        },
        {
          "type": "icon",
          "assetId": "Tj7RwiE503",
          "checksum": "0be5d252d9bcb4f1282b03653165ae50"
        },
        {
          "type": "icon",
          "assetId": "zbgdUCmYfRL",
          "checksum": "14e0d5467c7af5700367e33c22fca43b"
        },
        {
          "type": "icon",
          "assetId": "OLfCWCE5DNn",
          "checksum": "80520c886765adec1033c62c7ff4d8be"
        },
        {
          "type": "image",
          "assetId": "R_ScK-y8l",
          "checksum": "26d179b71db0d4fb80853d86e0656bc4"
        },
        {
          "type": "image",
          "assetId": "YtxYYbm-Q",
          "checksum": "3c037ccbbf5029953a915534bffb2755"
        },
        {
          "type": "image",
          "assetId": "k8hKkr4tA",
          "checksum": "a644e34e77244282237247e68aa1beeb"
        },
        {
          "type": "image",
          "assetId": "yj9zN3yKs",
          "checksum": "f4fd7c4cc5401fe57c639765ad4b6cb0"
        },
        {
          "type": "image",
          "assetId": "YNnt6oCls",
          "checksum": "d6f3ed7d24d93764c99c84fb48780d91"
        },
        {
          "type": "renderModule",
          "assetId": "6NrxLI77CT",
          "checksum": "853e39156690de1e2cac40b3dbdb7f7b"
        },
        {
          "type": "cssRules",
          "assetId": "6NrxLI77CT",
          "checksum": "853e39156690de1e2cac40b3dbdb7f7b"
        },
        {
          "type": "renderModule",
          "assetId": "6iPH0Hbouv",
          "checksum": "9d49eae19bb646031f1200e3fec90fd5"
        },
        {
          "type": "cssRules",
          "assetId": "6iPH0Hbouv",
          "checksum": "9d49eae19bb646031f1200e3fec90fd5"
        },
        {
          "type": "renderModule",
          "assetId": "_V1a1a4raiv",
          "checksum": "1d30a57ba21009f5afd29f2e62a305c1"
        },
        {
          "type": "cssRules",
          "assetId": "_V1a1a4raiv",
          "checksum": "1d30a57ba21009f5afd29f2e62a305c1"
        },
        {
          "type": "renderModule",
          "assetId": "S6Z_TKmeGm",
          "checksum": "52f037bdf129e196bf8b552b38025122"
        },
        {
          "type": "cssRules",
          "assetId": "S6Z_TKmeGm",
          "checksum": "52f037bdf129e196bf8b552b38025122"
        },
        {
          "type": "renderModule",
          "assetId": "AEg-Kqw64T",
          "checksum": "cf02608bab99563ab46aa4a414d06b4c"
        },
        {
          "type": "cssRules",
          "assetId": "AEg-Kqw64T",
          "checksum": "cf02608bab99563ab46aa4a414d06b4c"
        },
        {
          "type": "icon",
          "assetId": "mXtRyx6pET_",
          "checksum": "1a2a374baf9199c2ad8725b5d5be85f8"
        },
        {
          "type": "icon",
          "assetId": "5dbkSlaxcG",
          "checksum": "ab0cb79ad10cf9b8d60b1aadabb09366"
        },
        {
          "type": "icon",
          "assetId": "dGVFyYsNiw",
          "checksum": "a78aae975d869dfeb7d8b74c1163bffa"
        },
        {
          "type": "renderModule",
          "assetId": "Q__7rNO8ygE",
          "checksum": "1bacfa9c0066caa1bcd6b4002dff0c61"
        },
        {
          "type": "cssRules",
          "assetId": "Q__7rNO8ygE",
          "checksum": "1bacfa9c0066caa1bcd6b4002dff0c61"
        },
        {
          "type": "renderModule",
          "assetId": "DR-iCwaS-p8",
          "checksum": "d4c8e11b1997eeb7f09b21f88965bcd2"
        },
        {
          "type": "cssRules",
          "assetId": "DR-iCwaS-p8",
          "checksum": "d4c8e11b1997eeb7f09b21f88965bcd2"
        },
        {
          "type": "icon",
          "assetId": "d52nSnJ8C_",
          "checksum": "8ab0553fd9ca72ee27675353d1ead7c1"
        },
        {
          "type": "icon",
          "assetId": "LnifnDBDqo7",
          "checksum": "bf40f53bdb41f350d009161d6bc6f92a"
        },
        {
          "type": "icon",
          "assetId": "GvD9i93yAMv",
          "checksum": "b94619a53f4ffeaff99d69126483d916"
        },
        {
          "type": "icon",
          "assetId": "Hn3DqW6Bed6",
          "checksum": "93396035f01aa211f0daf01eb6dcbc5f"
        },
        {
          "assetId": "6jdiTgRhkYQJ2zXFv6Yaw9",
          "type": "projectCss",
          "checksum": "078a2e29dfeebb422cece86710b4f191"
        },
        {
          "type": "renderModule",
          "assetId": "e4UkvTDdSpi",
          "checksum": "735b50711149fba19c2b087d33da9dfb"
        },
        {
          "type": "cssRules",
          "assetId": "e4UkvTDdSpi",
          "checksum": "735b50711149fba19c2b087d33da9dfb"
        },
        {
          "type": "icon",
          "assetId": "WAhl40R9vo",
          "checksum": "15c0fede3b32c45ef2dd6cecb351d7ce"
        }
      ],
      "codegenVersion": "0.0.1"
    },
    {
      "projectId": "caTPwKxj5ZrD9LQ7DMdK4Z",
      "version": "3.4.0",
      "dependencies": {},
      "lang": "ts",
      "fileLocks": [
        {
          "assetId": "caTPwKxj5ZrD9LQ7DMdK4Z",
          "type": "projectCss",
          "checksum": "ab083ab952f1c389c64ad1714f567cde"
        }
      ],
      "codegenVersion": "0.0.1"
    }
  ],
  "cliVersion": "0.1.186"
}
